
Microsoft Visual Studio Solution File, Format Version 12.00
# Visual Studio Version 16
VisualStudioVersion = 16.0.810.15
MinimumVisualStudioVersion = 10.0.40219.1
Project("{2150E333-8FDC-42A3-9474-1A3956D46DE8}") = "src", "src", "{182FDC55-643A-44EB-ACF6-083B7E46C222}"
EndProject
Project("{2150E333-8FDC-42A3-9474-1A3956D46DE8}") = "Services", "Services", "{F1BD5F2F-777C-4662-8C73-FEAE689057AB}"
EndProject
Project("{2150E333-8FDC-42A3-9474-1A3956D46DE8}") = "BuildingBlocks", "BuildingBlocks", "{D3C45B45-DAB0-4E3C-A151-509893C144F1}"
EndProject
Project("{FAE04EC0-301F-11D3-BF4B-00C04F79EFBC}") = "BuildInfoGenerator", "src\BuildingBlocks\BuildInfoGenerator\BuildInfoGenerator.csproj", "{587635F9-ABDF-44C9-BC36-3F1D1802DA4D}"
EndProject
Project("{FAE04EC0-301F-11D3-BF4B-00C04F79EFBC}") = "LoggingHandler", "src\BuildingBlocks\LoggingHandler\LoggingHandler.csproj", "{B368F88A-0BD8-48D0-BCAE-644E3975482B}"
EndProject
Project("{2150E333-8FDC-42A3-9474-1A3956D46DE8}") = "Products", "Products", "{FE006D7A-22BB-48A3-9F55-F66563611AC2}"
EndProject
Project("{FAE04EC0-301F-11D3-BF4B-00C04F79EFBC}") = "Products.API", "src\Services\Products\Products.API\Products.API.csproj", "{B2B02C61-5ADF-4473-A30A-BB4FA8AB0264}"
EndProject
Project("{E53339B2-1760-4266-BCC7-CA923CBCF16C}") = "docker-compose", "docker-compose.dcproj", "{8BB5D212-9014-4D43-B64C-1017CEB261B8}"
EndProject
Project("{2150E333-8FDC-42A3-9474-1A3956D46DE8}") = "Solution Items", "Solution Items", "{D952E3CD-BEA5-4A77-9711-86222FAB9082}"
	ProjectSection(SolutionItems) = preProject
		README.md = README.md
	EndProjectSection
EndProject
Project("{FAE04EC0-301F-11D3-BF4B-00C04F79EFBC}") = "EventBusMessages", "src\BuildingBlocks\EventBusMessages\EventBusMessages.csproj", "{A8C09242-2D5F-4ABF-B25B-942C85D0C4BD}"
EndProject
Project("{2150E333-8FDC-42A3-9474-1A3956D46DE8}") = "Orders", "Orders", "{AB279314-A934-4E2E-B634-C77AB3116D0F}"
EndProject
Project("{FAE04EC0-301F-11D3-BF4B-00C04F79EFBC}") = "Orders.Application", "src\Services\Orders\Orders.Application\Orders.Application.csproj", "{D30D0302-D893-4E71-A78B-4217E9EEF756}"
EndProject
Project("{FAE04EC0-301F-11D3-BF4B-00C04F79EFBC}") = "Orders.API", "src\Services\Orders\Orders.API\Orders.API.csproj", "{E9462FFE-79F5-4A54-A278-6829F0112D76}"
EndProject
Project("{FAE04EC0-301F-11D3-BF4B-00C04F79EFBC}") = "Orders.Domain", "src\Services\Orders\Orders.Domain\Orders.Domain.csproj", "{FF75A52C-0EDB-4CE5-B6CF-CCB4FD0915C8}"
EndProject
Project("{FAE04EC0-301F-11D3-BF4B-00C04F79EFBC}") = "Orders.Infrastructure", "src\Services\Orders\Orders.Infrastructure\Orders.Infrastructure.csproj", "{B3B9F524-59F4-43A4-ADAB-4FF1C23E3601}"
EndProject
Project("{2150E333-8FDC-42A3-9474-1A3956D46DE8}") = "Cart", "Cart", "{21A7E9AD-4BD1-4468-885C-42AAD658E189}"
EndProject
Project("{FAE04EC0-301F-11D3-BF4B-00C04F79EFBC}") = "Cart.API", "src\Services\Cart\Cart.API\Cart.API.csproj", "{EC51DAA3-1723-4149-A60A-D33ADD43EA42}"
EndProject
Project("{2150E333-8FDC-42A3-9474-1A3956D46DE8}") = "WebApps", "WebApps", "{9CF14E71-A915-4698-A771-AAA9E05283B2}"
EndProject
Project("{2150E333-8FDC-42A3-9474-1A3956D46DE8}") = "Notifications", "Notifications", "{9F6E35DF-29C0-49C2-9DFD-DE05A3845A51}"
EndProject
Project("{FAE04EC0-301F-11D3-BF4B-00C04F79EFBC}") = "Notifications.Grpc", "src\Services\Notifications\Notifications.Grpc\Notifications.Grpc.csproj", "{FDFD82DB-4451-4989-AB65-D458E1B16E51}"
EndProject
Project("{FAE04EC0-301F-11D3-BF4B-00C04F79EFBC}") = "Portal.UI", "src\WebApps\Portal.UI\Portal.UI.csproj", "{FBC1033C-70A0-4C72-964D-ED3EA5AEFA84}"
EndProject
Project("{FAE04EC0-301F-11D3-BF4B-00C04F79EFBC}") = "HeaderPropagation", "src\BuildingBlocks\HeaderPropagation\HeaderPropagation.csproj", "{92F509E8-3D6A-4C46-BD5D-93D2B4FB5EBA}"
EndProject
Project("{FAE04EC0-301F-11D3-BF4B-00C04F79EFBC}") = "TokenAuth", "src\BuildingBlocks\TokenAuthHandler\TokenAuth.csproj", "{FB0D2D95-B8E2-46BF-A0EE-000952BB03B1}"
EndProject
Project("{FAE04EC0-301F-11D3-BF4B-00C04F79EFBC}") = "TelemetryKitchenSink", "src\BuildingBlocks\TelemetryKitchenSink\TelemetryKitchenSink.csproj", "{FC33EE1E-C0C1-46E0-AF51-9579646D93AE}"
EndProject
Project("{FAE04EC0-301F-11D3-BF4B-00C04F79EFBC}") = "Portal.UI.Tests", "src\WebApps\Portal.UI.Tests\Portal.UI.Tests.csproj", "{4B02A6AB-32FC-4B5A-912A-7FFC095D63BE}"
EndProject
Project("{FAE04EC0-301F-11D3-BF4B-00C04F79EFBC}") = "Cart.API.Tests", "src\Services\Cart\Cart.API.Tests\Cart.API.Tests.csproj", "{231157E3-1D7C-4E53-A315-234ADF2EE21B}"
EndProject
Project("{FAE04EC0-301F-11D3-BF4B-00C04F79EFBC}") = "Products.API.Tests", "src\Services\Products\Products.API.Tests\Products.API.Tests.csproj", "{2704CD4F-B018-4C13-B974-7A2DB800E01D}"
EndProject
Project("{FAE04EC0-301F-11D3-BF4B-00C04F79EFBC}") = "Notifications.Grpc.Tests", "src\Services\Notifications\Notifications.Grpc.Tests\Notifications.Grpc.Tests.csproj", "{94494DCA-F04D-46CF-B537-0E1CBCC96120}"
EndProject
Project("{FAE04EC0-301F-11D3-BF4B-00C04F79EFBC}") = "Orders.API.Tests", "src\Services\Orders\Orders.API.Tests\Orders.API.Tests.csproj", "{866CE86F-F57B-4883-9F8E-D8AD571BD981}"
EndProject
Project("{2150E333-8FDC-42A3-9474-1A3956D46DE8}") = "Payments", "Payments", "{58EAC1EF-86B5-419E-AFCD-DAC38EBA6359}"
EndProject
Project("{FAE04EC0-301F-11D3-BF4B-00C04F79EFBC}") = "Payments.API", "src\Services\Payments\Payments.API\Payments.API.csproj", "{58234140-B385-4DFD-A4A4-5367AF4B585F}"
EndProject
Project("{FAE04EC0-301F-11D3-BF4B-00C04F79EFBC}") = "Payments.API.Tests", "src\Services\Payments\Payments.Tests\Payments.API.Tests.csproj", "{AA336F3B-F99E-4AD3-A139-CF3F772D50FE}"
EndProject
Global
	GlobalSection(SolutionConfigurationPlatforms) = preSolution
		Debug|Any CPU = Debug|Any CPU
		Release|Any CPU = Release|Any CPU
	EndGlobalSection
	GlobalSection(ProjectConfigurationPlatforms) = postSolution
		{587635F9-ABDF-44C9-BC36-3F1D1802DA4D}.Debug|Any CPU.ActiveCfg = Debug|Any CPU
		{587635F9-ABDF-44C9-BC36-3F1D1802DA4D}.Debug|Any CPU.Build.0 = Debug|Any CPU
		{587635F9-ABDF-44C9-BC36-3F1D1802DA4D}.Release|Any CPU.ActiveCfg = Release|Any CPU
		{587635F9-ABDF-44C9-BC36-3F1D1802DA4D}.Release|Any CPU.Build.0 = Release|Any CPU
		{B368F88A-0BD8-48D0-BCAE-644E3975482B}.Debug|Any CPU.ActiveCfg = Debug|Any CPU
		{B368F88A-0BD8-48D0-BCAE-644E3975482B}.Debug|Any CPU.Build.0 = Debug|Any CPU
		{B368F88A-0BD8-48D0-BCAE-644E3975482B}.Release|Any CPU.ActiveCfg = Release|Any CPU
		{B368F88A-0BD8-48D0-BCAE-644E3975482B}.Release|Any CPU.Build.0 = Release|Any CPU
		{B2B02C61-5ADF-4473-A30A-BB4FA8AB0264}.Debug|Any CPU.ActiveCfg = Debug|Any CPU
		{B2B02C61-5ADF-4473-A30A-BB4FA8AB0264}.Debug|Any CPU.Build.0 = Debug|Any CPU
		{B2B02C61-5ADF-4473-A30A-BB4FA8AB0264}.Release|Any CPU.ActiveCfg = Release|Any CPU
		{B2B02C61-5ADF-4473-A30A-BB4FA8AB0264}.Release|Any CPU.Build.0 = Release|Any CPU
		{8BB5D212-9014-4D43-B64C-1017CEB261B8}.Debug|Any CPU.ActiveCfg = Debug|Any CPU
		{8BB5D212-9014-4D43-B64C-1017CEB261B8}.Debug|Any CPU.Build.0 = Debug|Any CPU
		{8BB5D212-9014-4D43-B64C-1017CEB261B8}.Release|Any CPU.ActiveCfg = Release|Any CPU
		{8BB5D212-9014-4D43-B64C-1017CEB261B8}.Release|Any CPU.Build.0 = Release|Any CPU
		{A8C09242-2D5F-4ABF-B25B-942C85D0C4BD}.Debug|Any CPU.ActiveCfg = Debug|Any CPU
		{A8C09242-2D5F-4ABF-B25B-942C85D0C4BD}.Debug|Any CPU.Build.0 = Debug|Any CPU
		{A8C09242-2D5F-4ABF-B25B-942C85D0C4BD}.Release|Any CPU.ActiveCfg = Release|Any CPU
		{A8C09242-2D5F-4ABF-B25B-942C85D0C4BD}.Release|Any CPU.Build.0 = Release|Any CPU
		{D30D0302-D893-4E71-A78B-4217E9EEF756}.Debug|Any CPU.ActiveCfg = Debug|Any CPU
		{D30D0302-D893-4E71-A78B-4217E9EEF756}.Debug|Any CPU.Build.0 = Debug|Any CPU
		{D30D0302-D893-4E71-A78B-4217E9EEF756}.Release|Any CPU.ActiveCfg = Release|Any CPU
		{D30D0302-D893-4E71-A78B-4217E9EEF756}.Release|Any CPU.Build.0 = Release|Any CPU
		{E9462FFE-79F5-4A54-A278-6829F0112D76}.Debug|Any CPU.ActiveCfg = Debug|Any CPU
		{E9462FFE-79F5-4A54-A278-6829F0112D76}.Debug|Any CPU.Build.0 = Debug|Any CPU
		{E9462FFE-79F5-4A54-A278-6829F0112D76}.Release|Any CPU.ActiveCfg = Release|Any CPU
		{E9462FFE-79F5-4A54-A278-6829F0112D76}.Release|Any CPU.Build.0 = Release|Any CPU
		{FF75A52C-0EDB-4CE5-B6CF-CCB4FD0915C8}.Debug|Any CPU.ActiveCfg = Debug|Any CPU
		{FF75A52C-0EDB-4CE5-B6CF-CCB4FD0915C8}.Debug|Any CPU.Build.0 = Debug|Any CPU
		{FF75A52C-0EDB-4CE5-B6CF-CCB4FD0915C8}.Release|Any CPU.ActiveCfg = Release|Any CPU
		{FF75A52C-0EDB-4CE5-B6CF-CCB4FD0915C8}.Release|Any CPU.Build.0 = Release|Any CPU
		{B3B9F524-59F4-43A4-ADAB-4FF1C23E3601}.Debug|Any CPU.ActiveCfg = Debug|Any CPU
		{B3B9F524-59F4-43A4-ADAB-4FF1C23E3601}.Debug|Any CPU.Build.0 = Debug|Any CPU
		{B3B9F524-59F4-43A4-ADAB-4FF1C23E3601}.Release|Any CPU.ActiveCfg = Release|Any CPU
		{B3B9F524-59F4-43A4-ADAB-4FF1C23E3601}.Release|Any CPU.Build.0 = Release|Any CPU
		{EC51DAA3-1723-4149-A60A-D33ADD43EA42}.Debug|Any CPU.ActiveCfg = Debug|Any CPU
		{EC51DAA3-1723-4149-A60A-D33ADD43EA42}.Debug|Any CPU.Build.0 = Debug|Any CPU
		{EC51DAA3-1723-4149-A60A-D33ADD43EA42}.Release|Any CPU.ActiveCfg = Release|Any CPU
		{EC51DAA3-1723-4149-A60A-D33ADD43EA42}.Release|Any CPU.Build.0 = Release|Any CPU
		{FDFD82DB-4451-4989-AB65-D458E1B16E51}.Debug|Any CPU.ActiveCfg = Debug|Any CPU
		{FDFD82DB-4451-4989-AB65-D458E1B16E51}.Debug|Any CPU.Build.0 = Debug|Any CPU
		{FDFD82DB-4451-4989-AB65-D458E1B16E51}.Release|Any CPU.ActiveCfg = Release|Any CPU
		{FDFD82DB-4451-4989-AB65-D458E1B16E51}.Release|Any CPU.Build.0 = Release|Any CPU
		{FBC1033C-70A0-4C72-964D-ED3EA5AEFA84}.Debug|Any CPU.ActiveCfg = Debug|Any CPU
		{FBC1033C-70A0-4C72-964D-ED3EA5AEFA84}.Debug|Any CPU.Build.0 = Debug|Any CPU
		{FBC1033C-70A0-4C72-964D-ED3EA5AEFA84}.Release|Any CPU.ActiveCfg = Release|Any CPU
		{FBC1033C-70A0-4C72-964D-ED3EA5AEFA84}.Release|Any CPU.Build.0 = Release|Any CPU
		{92F509E8-3D6A-4C46-BD5D-93D2B4FB5EBA}.Debug|Any CPU.ActiveCfg = Debug|Any CPU
		{92F509E8-3D6A-4C46-BD5D-93D2B4FB5EBA}.Debug|Any CPU.Build.0 = Debug|Any CPU
		{92F509E8-3D6A-4C46-BD5D-93D2B4FB5EBA}.Release|Any CPU.ActiveCfg = Release|Any CPU
		{92F509E8-3D6A-4C46-BD5D-93D2B4FB5EBA}.Release|Any CPU.Build.0 = Release|Any CPU
		{FB0D2D95-B8E2-46BF-A0EE-000952BB03B1}.Debug|Any CPU.ActiveCfg = Debug|Any CPU
		{FB0D2D95-B8E2-46BF-A0EE-000952BB03B1}.Debug|Any CPU.Build.0 = Debug|Any CPU
		{FB0D2D95-B8E2-46BF-A0EE-000952BB03B1}.Release|Any CPU.ActiveCfg = Release|Any CPU
		{FB0D2D95-B8E2-46BF-A0EE-000952BB03B1}.Release|Any CPU.Build.0 = Release|Any CPU
		{FC33EE1E-C0C1-46E0-AF51-9579646D93AE}.Debug|Any CPU.ActiveCfg = Debug|Any CPU
		{FC33EE1E-C0C1-46E0-AF51-9579646D93AE}.Debug|Any CPU.Build.0 = Debug|Any CPU
		{FC33EE1E-C0C1-46E0-AF51-9579646D93AE}.Release|Any CPU.ActiveCfg = Release|Any CPU
		{FC33EE1E-C0C1-46E0-AF51-9579646D93AE}.Release|Any CPU.Build.0 = Release|Any CPU
		{4B02A6AB-32FC-4B5A-912A-7FFC095D63BE}.Debug|Any CPU.ActiveCfg = Debug|Any CPU
		{4B02A6AB-32FC-4B5A-912A-7FFC095D63BE}.Debug|Any CPU.Build.0 = Debug|Any CPU
		{4B02A6AB-32FC-4B5A-912A-7FFC095D63BE}.Release|Any CPU.ActiveCfg = Release|Any CPU
		{4B02A6AB-32FC-4B5A-912A-7FFC095D63BE}.Release|Any CPU.Build.0 = Release|Any CPU
		{231157E3-1D7C-4E53-A315-234ADF2EE21B}.Debug|Any CPU.ActiveCfg = Debug|Any CPU
		{231157E3-1D7C-4E53-A315-234ADF2EE21B}.Debug|Any CPU.Build.0 = Debug|Any CPU
		{231157E3-1D7C-4E53-A315-234ADF2EE21B}.Release|Any CPU.ActiveCfg = Release|Any CPU
		{231157E3-1D7C-4E53-A315-234ADF2EE21B}.Release|Any CPU.Build.0 = Release|Any CPU
		{2704CD4F-B018-4C13-B974-7A2DB800E01D}.Debug|Any CPU.ActiveCfg = Debug|Any CPU
		{2704CD4F-B018-4C13-B974-7A2DB800E01D}.Debug|Any CPU.Build.0 = Debug|Any CPU
		{2704CD4F-B018-4C13-B974-7A2DB800E01D}.Release|Any CPU.ActiveCfg = Release|Any CPU
		{2704CD4F-B018-4C13-B974-7A2DB800E01D}.Release|Any CPU.Build.0 = Release|Any CPU
		{94494DCA-F04D-46CF-B537-0E1CBCC96120}.Debug|Any CPU.ActiveCfg = Debug|Any CPU
		{94494DCA-F04D-46CF-B537-0E1CBCC96120}.Debug|Any CPU.Build.0 = Debug|Any CPU
		{94494DCA-F04D-46CF-B537-0E1CBCC96120}.Release|Any CPU.ActiveCfg = Release|Any CPU
		{94494DCA-F04D-46CF-B537-0E1CBCC96120}.Release|Any CPU.Build.0 = Release|Any CPU
		{866CE86F-F57B-4883-9F8E-D8AD571BD981}.Debug|Any CPU.ActiveCfg = Debug|Any CPU
		{866CE86F-F57B-4883-9F8E-D8AD571BD981}.Debug|Any CPU.Build.0 = Debug|Any CPU
		{866CE86F-F57B-4883-9F8E-D8AD571BD981}.Release|Any CPU.ActiveCfg = Release|Any CPU
		{866CE86F-F57B-4883-9F8E-D8AD571BD981}.Release|Any CPU.Build.0 = Release|Any CPU
		{58234140-B385-4DFD-A4A4-5367AF4B585F}.Debug|Any CPU.ActiveCfg = Debug|Any CPU
		{58234140-B385-4DFD-A4A4-5367AF4B585F}.Debug|Any CPU.Build.0 = Debug|Any CPU
		{58234140-B385-4DFD-A4A4-5367AF4B585F}.Release|Any CPU.ActiveCfg = Release|Any CPU
		{58234140-B385-4DFD-A4A4-5367AF4B585F}.Release|Any CPU.Build.0 = Release|Any CPU
		{AA336F3B-F99E-4AD3-A139-CF3F772D50FE}.Debug|Any CPU.ActiveCfg = Debug|Any CPU
		{AA336F3B-F99E-4AD3-A139-CF3F772D50FE}.Debug|Any CPU.Build.0 = Debug|Any CPU
		{AA336F3B-F99E-4AD3-A139-CF3F772D50FE}.Release|Any CPU.ActiveCfg = Release|Any CPU
		{AA336F3B-F99E-4AD3-A139-CF3F772D50FE}.Release|Any CPU.Build.0 = Release|Any CPU
	EndGlobalSection
	GlobalSection(SolutionProperties) = preSolution
		HideSolutionNode = FALSE
	EndGlobalSection
	GlobalSection(ExtensibilityGlobals) = postSolution
		SolutionGuid = {3F9FA4F8-0EF9-46E7-A807-BB3686A8D0A7}
	EndGlobalSection
	GlobalSection(NestedProjects) = preSolution
		{F1BD5F2F-777C-4662-8C73-FEAE689057AB} = {182FDC55-643A-44EB-ACF6-083B7E46C222}
		{D3C45B45-DAB0-4E3C-A151-509893C144F1} = {182FDC55-643A-44EB-ACF6-083B7E46C222}
		{587635F9-ABDF-44C9-BC36-3F1D1802DA4D} = {D3C45B45-DAB0-4E3C-A151-509893C144F1}
		{B368F88A-0BD8-48D0-BCAE-644E3975482B} = {D3C45B45-DAB0-4E3C-A151-509893C144F1}
		{FE006D7A-22BB-48A3-9F55-F66563611AC2} = {F1BD5F2F-777C-4662-8C73-FEAE689057AB}
		{B2B02C61-5ADF-4473-A30A-BB4FA8AB0264} = {FE006D7A-22BB-48A3-9F55-F66563611AC2}
		{A8C09242-2D5F-4ABF-B25B-942C85D0C4BD} = {D3C45B45-DAB0-4E3C-A151-509893C144F1}
		{AB279314-A934-4E2E-B634-C77AB3116D0F} = {F1BD5F2F-777C-4662-8C73-FEAE689057AB}
		{D30D0302-D893-4E71-A78B-4217E9EEF756} = {AB279314-A934-4E2E-B634-C77AB3116D0F}
		{E9462FFE-79F5-4A54-A278-6829F0112D76} = {AB279314-A934-4E2E-B634-C77AB3116D0F}
		{FF75A52C-0EDB-4CE5-B6CF-CCB4FD0915C8} = {AB279314-A934-4E2E-B634-C77AB3116D0F}
		{B3B9F524-59F4-43A4-ADAB-4FF1C23E3601} = {AB279314-A934-4E2E-B634-C77AB3116D0F}
		{21A7E9AD-4BD1-4468-885C-42AAD658E189} = {F1BD5F2F-777C-4662-8C73-FEAE689057AB}
		{EC51DAA3-1723-4149-A60A-D33ADD43EA42} = {21A7E9AD-4BD1-4468-885C-42AAD658E189}
		{9CF14E71-A915-4698-A771-AAA9E05283B2} = {182FDC55-643A-44EB-ACF6-083B7E46C222}
		{9F6E35DF-29C0-49C2-9DFD-DE05A3845A51} = {F1BD5F2F-777C-4662-8C73-FEAE689057AB}
		{FDFD82DB-4451-4989-AB65-D458E1B16E51} = {9F6E35DF-29C0-49C2-9DFD-DE05A3845A51}
		{FBC1033C-70A0-4C72-964D-ED3EA5AEFA84} = {9CF14E71-A915-4698-A771-AAA9E05283B2}
		{92F509E8-3D6A-4C46-BD5D-93D2B4FB5EBA} = {D3C45B45-DAB0-4E3C-A151-509893C144F1}
		{FB0D2D95-B8E2-46BF-A0EE-000952BB03B1} = {D3C45B45-DAB0-4E3C-A151-509893C144F1}
		{FC33EE1E-C0C1-46E0-AF51-9579646D93AE} = {D3C45B45-DAB0-4E3C-A151-509893C144F1}
		{4B02A6AB-32FC-4B5A-912A-7FFC095D63BE} = {9CF14E71-A915-4698-A771-AAA9E05283B2}
		{231157E3-1D7C-4E53-A315-234ADF2EE21B} = {21A7E9AD-4BD1-4468-885C-42AAD658E189}
		{2704CD4F-B018-4C13-B974-7A2DB800E01D} = {FE006D7A-22BB-48A3-9F55-F66563611AC2}
		{94494DCA-F04D-46CF-B537-0E1CBCC96120} = {9F6E35DF-29C0-49C2-9DFD-DE05A3845A51}
		{866CE86F-F57B-4883-9F8E-D8AD571BD981} = {AB279314-A934-4E2E-B634-C77AB3116D0F}
		{58EAC1EF-86B5-419E-AFCD-DAC38EBA6359} = {F1BD5F2F-777C-4662-8C73-FEAE689057AB}
		{58234140-B385-4DFD-A4A4-5367AF4B585F} = {58EAC1EF-86B5-419E-AFCD-DAC38EBA6359}
		{AA336F3B-F99E-4AD3-A139-CF3F772D50FE} = {58EAC1EF-86B5-419E-AFCD-DAC38EBA6359}
	EndGlobalSection
EndGlobal
