{
  "version": 1,
  "dependencies": {
    "net6.0": {
      "AutoMapper": {
        "type": "Direct",
        "requested": "[11.0.1, )",
        "resolved": "11.0.1",
        "contentHash": "WIadGC1pIwbnyTubvI577p3F++Bsj9q2Q3OaAc1I0QS+JhupN1xkdrPBhI9bPIeg63zM81tZplUNYkqU1HE5jQ==",
        "dependencies": {
          "Microsoft.CSharp": "4.7.0"
        }
      },
      "AutoMapper.Extensions.Microsoft.DependencyInjection": {
        "type": "Direct",
        "requested": "[11.0.0, )",
        "resolved": "11.0.0",
        "contentHash": "0asw5WxdCFh2OTi9Gv+oKyH9SzxwYQSnO8TV5Dd0GggovILzJW4UimP26JAcxc3yB5NnC5urooZ1BBs8ElpiBw==",
        "dependencies": {
          "AutoMapper": "11.0.0",
          "Microsoft.Extensions.Options": "6.0.0"
        }
      },
      "FluentValidation": {
        "type": "Direct",
        "requested": "[10.3.6, )",
        "resolved": "10.3.6",
        "contentHash": "iMd370ZDx6ydm8t7bIFdRbSKX0e42lpvCtifUSbTSXOk5iKjmgl7HU0PXBhIWQAyIRi3gCwfMI9luj8H6K+byw=="
      },
      "FluentValidation.DependencyInjectionExtensions": {
        "type": "Direct",
        "requested": "[10.3.6, )",
        "resolved": "10.3.6",
        "contentHash": "yMwmbr+sHP/VLRQPTBVcgbJmtP5PGmxzNsqVX7FccDRwDB2edP8XsXWLNTZ4UwrslU1qQUD07BNQLDh7WXzpNw==",
        "dependencies": {
          "FluentValidation": "10.3.6",
          "Microsoft.Extensions.Dependencyinjection.Abstractions": "2.1.0"
        }
      },
      "Grpc.AspNetCore": {
        "type": "Direct",
        "requested": "[2.43.0, )",
        "resolved": "2.43.0",
        "contentHash": "ec2ncoNU4ZWZi8ftNZaEABNxMKUH5ozOW2N3RwDbCSyEIjlGtSOtF0i3T3FggSPhNYBoFQ3drER95eOe3eG4jg==",
        "dependencies": {
          "Google.Protobuf": "3.18.1",
          "Grpc.AspNetCore.Server.ClientFactory": "2.43.0",
          "Grpc.Tools": "2.43.0"
        }
      },
      "MassTransit": {
        "type": "Direct",
        "requested": "[7.3.1, )",
        "resolved": "7.3.1",
        "contentHash": "dMOmC1ucSpgpW1M7ewQIw2Jf/d0lC4sx5LdUU5CSuFhlw4L7hssAB/glrbwvYZB9B90ZYvLJB8JLV1K/xhHBMA==",
        "dependencies": {
          "Automatonymous": "5.1.3",
          "Microsoft.Bcl.AsyncInterfaces": "5.0.0",
          "Microsoft.Extensions.Logging.Abstractions": "2.1.1",
          "NewId": "3.0.3",
          "Newtonsoft.Json": "12.0.1",
          "Newtonsoft.Json.Bson": "1.0.2",
          "System.Diagnostics.DiagnosticSource": "4.7.1",
          "System.Reflection.Emit": "4.7.0",
          "System.Reflection.Emit.Lightweight": "4.7.0",
          "System.Text.Json": "5.0.2",
          "System.Threading.Channels": "4.7.1",
          "System.ValueTuple": "4.5.0"
        }
      },
      "MassTransit.AspNetCore": {
        "type": "Direct",
        "requested": "[7.3.1, )",
        "resolved": "7.3.1",
        "contentHash": "l5zu6mHevPQGP1tfDg4My8dtqH4n2jL22+Y1+GnAs12liQy5gYLcJAwSmCKb1iusjjD9S1tgfdILVkAfShfN8w==",
        "dependencies": {
          "MassTransit": "7.3.1",
          "MassTransit.Extensions.DependencyInjection": "7.3.1",
          "Microsoft.Extensions.Diagnostics.HealthChecks": "3.1.18",
          "Microsoft.Extensions.Hosting.Abstractions": "3.1.18"
        }
      },
      "MassTransit.RabbitMQ": {
        "type": "Direct",
        "requested": "[7.3.1, )",
        "resolved": "7.3.1",
        "contentHash": "hjoAyWR+PQe7bkTiGWGB8G3N3cmE7ekwrPCrNAoxjTqy/01hB2Cp0z6wWhlChibWEkn04i30tLsOJmSWMcQz7g==",
        "dependencies": {
          "MassTransit": "7.3.1",
          "RabbitMQ.Client": "6.2.2"
        }
      },
      "MediatR": {
        "type": "Direct",
        "requested": "[10.0.1, )",
        "resolved": "10.0.1",
        "contentHash": "vnjbk4giDJzJelh34Ygt0eorApCKrRFB7j0pauFPY1oxfO3cEZ7FugBrIOjCM76SDGTOmPFfbfmVnz1t3iFrGA==",
        "dependencies": {
          "MediatR.Contracts": "1.0.1"
        }
      },
      "MediatR.Extensions.Microsoft.DependencyInjection": {
        "type": "Direct",
        "requested": "[10.0.1, )",
        "resolved": "10.0.1",
        "contentHash": "mYdfMvpkahCAj4tRfBoeMlUBZa2WthaONdQ4y5TtIyxcZYb5e7AE7c1eITTZVWcQhguxvD8AdExdaiAW6RhrVA==",
        "dependencies": {
          "MediatR": "10.0.1",
          "Microsoft.Extensions.DependencyInjection.Abstractions": "6.0.0"
        }
      },
      "Microsoft.Extensions.Logging.Abstractions": {
        "type": "Direct",
        "requested": "[6.0.1, )",
        "resolved": "6.0.1",
        "contentHash": "dzB2Cgg+JmrouhjkcQGzSFjjvpwlq353i8oBQO2GWNjCXSzhbtBRUf28HSauWe7eib3wYOdb3tItdjRwAdwCSg=="
      },
      "OpenTelemetry": {
        "type": "Direct",
        "requested": "[1.2.0-rc3, )",
        "resolved": "1.2.0-rc3",
        "contentHash": "f+7LYpIgY3XN28EC8ZUrE/BeBhczWNEjkLiR0KcTSNhuI3gofb6AFXedBQM5HYfhkfOzNQSLBP7MiHKyhszpFQ==",
        "dependencies": {
          "Microsoft.Extensions.Logging": "2.1.0",
          "Microsoft.Extensions.Logging.Configuration": "2.1.0",
          "OpenTelemetry.Api": "1.2.0-rc3",
          "System.Collections.Immutable": "1.4.0",
          "System.Reflection.Emit.Lightweight": "4.7.0"
        }
      },
      "Automatonymous": {
        "type": "Transitive",
        "resolved": "5.1.3",
        "contentHash": "7B0upgJUTJ7fIwFjGEIxOMVJTxqBPyjtnua5i+VyClvHJd31t64SPIm4nhYxI7PF4afmvv5a3dtFCz1W1tQc0A==",
        "dependencies": {
          "GreenPipes": "4.0.1"
        }
      },
      "Google.Protobuf": {
        "type": "Transitive",
        "resolved": "3.18.1",
        "contentHash": "7lP9/TAFa27uJC5Udbybnb8twoXDIjA5gGjmsrwJqyNIRoJ3VKKrJhQwrsQAIzwT54l7DwlpWm5vGDH5hW/Dig=="
      },
      "GreenPipes": {
        "type": "Transitive",
        "resolved": "4.0.1",
        "contentHash": "nc90y7DAhj8isRbqioVQF3/ExztBZSXRrRoplZvEjckNFC5wP1r+ssfsgl8BptWdQrnMdgkOYhQ6EnHetyFW1Q==",
        "dependencies": {
          "Microsoft.Bcl.AsyncInterfaces": "1.1.1",
          "System.Reflection.Emit": "4.7.0"
        }
      },
      "Grpc.AspNetCore.Server": {
        "type": "Transitive",
        "resolved": "2.43.0",
        "contentHash": "g9KLDGg24UtXy8/iYG1PhEuLYnrV4SNbOAkkNckjATTod7kYbV2xByBagZH4erzQlXUySSv6NVYN2U3jvn75xw==",
        "dependencies": {
          "Grpc.Net.Common": "2.43.0"
        }
      },
      "Grpc.AspNetCore.Server.ClientFactory": {
        "type": "Transitive",
        "resolved": "2.43.0",
        "contentHash": "hLVG6c1KS7wKzwNktpWO3Jbv748moEZ9xqTPXvOg06LkTQCG1vfukyRWQgY0fH0mHUMtZEF7imzCghPo5hmLEQ==",
        "dependencies": {
          "Grpc.AspNetCore.Server": "2.43.0",
          "Grpc.Net.ClientFactory": "2.43.0"
        }
      },
      "Grpc.Core.Api": {
        "type": "Transitive",
        "resolved": "2.43.0",
        "contentHash": "mikPMVE2I1AaNde1JQvR3ud8HsUmpeA4blqTt4SfCnDSNVN1GCd2UUEZsiID4MRPUzXwflMYl7/HhFytb6d+Ww==",
        "dependencies": {
          "System.Memory": "4.5.3"
        }
      },
      "Grpc.Net.Client": {
        "type": "Transitive",
        "resolved": "2.43.0",
        "contentHash": "ZhkxEOT3YPsJufsSYwIixwnPyZbjy3xOZgO61J2ZwEby3StwBDFQ5eHoxSjNVSpOP+ax8WMbgbmZfzjO+hBW8A==",
        "dependencies": {
          "Grpc.Net.Common": "2.43.0",
          "Microsoft.Extensions.Logging.Abstractions": "3.0.3"
        }
      },
      "Grpc.Net.ClientFactory": {
        "type": "Transitive",
        "resolved": "2.43.0",
        "contentHash": "KnYuk1oFqKAe+Ky2tbryPNsEsN6QIJUVBDC2yun++63ZX3OlZ2IwxH47TVBZkB/Zqo7jA0X8AFlp3Ryc2II7mg==",
        "dependencies": {
          "Grpc.Net.Client": "2.43.0",
          "Microsoft.Extensions.Http": "3.0.3"
        }
      },
      "Grpc.Net.Common": {
        "type": "Transitive",
        "resolved": "2.43.0",
        "contentHash": "kt0Hb1N1tlb5UdN17bTHEPNbKP3LUHEZQSKD47etAVI5KLDtmVGO4YsUGM/krrNMwHRjhUCy0EhUU8uVMc3upA==",
        "dependencies": {
          "Grpc.Core.Api": "2.43.0"
        }
      },
      "Grpc.Tools": {
        "type": "Transitive",
        "resolved": "2.43.0",
        "contentHash": "JRcG4VqrDE2P+QxKpTk+9BU2ZjHxTZ2oecd5auWa3ViWCCVZY/MZuGcLXj8DjSBS8sDpk6vQXrsjw8nIyoRMNw=="
      },
      "MassTransit.Extensions.DependencyInjection": {
        "type": "Transitive",
        "resolved": "7.3.1",
        "contentHash": "s1gnkYUngHNP9m2+Jx1vuUAvoVm4KB3oVbtFJUlXNtBBzhRFq1N3Y0w5iiew60ZBLm0j0RQcSRbI0ahMOkL+og==",
        "dependencies": {
          "MassTransit": "7.3.1",
          "Microsoft.Extensions.DependencyInjection.Abstractions": "2.1.1"
        }
      },
      "MediatR.Contracts": {
        "type": "Transitive",
        "resolved": "1.0.1",
        "contentHash": "NsRvOxthhkYml4DcBMyJsmym8C4MchioH7wxKVPEg7plFj9Euh/i4IcmZ3Gvgx6+K8obeuhPeJdoBl56wnuo3A=="
      },
      "Microsoft.Bcl.AsyncInterfaces": {
        "type": "Transitive",
        "resolved": "5.0.0",
        "contentHash": "W8DPQjkMScOMTtJbPwmPyj9c3zYSFGawDW3jwlBOOsnY+EzZFLgNQ/UMkK35JmkNOVPdCyPr2Tw7Vv9N+KA3ZQ=="
      },
      "Microsoft.CSharp": {
        "type": "Transitive",
        "resolved": "4.7.0",
        "contentHash": "pTj+D3uJWyN3My70i2Hqo+OXixq3Os2D1nJ2x92FFo6sk8fYS1m1WLNTs0Dc1uPaViH0YvEEwvzddQ7y4rhXmA=="
      },
      "Microsoft.Extensions.Configuration": {
        "type": "Transitive",
        "resolved": "3.0.3",
        "contentHash": "0F/MLd7yOSjhswQSFO6tkTREHxBffE/AS9gnvtx1jVFaKNdJPEj+2KOdREmYZ4Orpvf4nwXGwbRpX5SLlwIPEw==",
        "dependencies": {
          "Microsoft.Extensions.Configuration.Abstractions": "3.0.3"
        }
      },
      "Microsoft.Extensions.Configuration.Abstractions": {
        "type": "Transitive",
        "resolved": "3.1.18",
        "contentHash": "ID1/qQDGowofEfOoNcEkerRDy3x5FMguDxDEsl4DVROaI/qLa/oWCqUljIDWMuM1GUDNhucSrTMZ8/k9VyOHAg==",
        "dependencies": {
          "Microsoft.Extensions.Primitives": "3.1.18"
        }
      },
      "Microsoft.Extensions.Configuration.Binder": {
        "type": "Transitive",
        "resolved": "3.0.3",
        "contentHash": "hRmuReZgWqWqko4RXaGd/DP9L7380+HafHgbR5CMc7AZYmoLpUmeV8O8sgZqJONCbzg1q0Sz8U8Gy99eETpGPA==",
        "dependencies": {
          "Microsoft.Extensions.Configuration": "3.0.3"
        }
      },
      "Microsoft.Extensions.DependencyInjection": {
        "type": "Transitive",
        "resolved": "3.0.3",
        "contentHash": "Vu59TuHl3zoRI8vwK6gQL2EbWI2Qf/uBHFkSJXb4pgNvW7g8yK6Gn3v1bXDIKbMKEneTApriHfCVde0O314K+g==",
        "dependencies": {
          "Microsoft.Extensions.DependencyInjection.Abstractions": "3.0.3"
        }
      },
      "Microsoft.Extensions.DependencyInjection.Abstractions": {
        "type": "Transitive",
        "resolved": "6.0.0",
        "contentHash": "xlzi2IYREJH3/m6+lUrQlujzX8wDitm4QGnUu6kUXTQAWPuZY8i+ticFJbzfqaetLA6KR/rO6Ew/HuYD+bxifg=="
      },
      "Microsoft.Extensions.Diagnostics.HealthChecks": {
        "type": "Transitive",
        "resolved": "3.1.18",
        "contentHash": "Xan7z1MBhcLu4StnAskguGDMmdqouuuQe0YRz0MEiVPSYK5fw008QalP2Vuq0CMZQD+lOk0DcMGx7A+qI8/aTw==",
        "dependencies": {
          "Microsoft.Extensions.Diagnostics.HealthChecks.Abstractions": "3.1.18",
          "Microsoft.Extensions.Hosting.Abstractions": "3.1.18",
          "Microsoft.Extensions.Options": "3.1.18"
        }
      },
      "Microsoft.Extensions.Diagnostics.HealthChecks.Abstractions": {
        "type": "Transitive",
        "resolved": "3.1.18",
        "contentHash": "PRj7waNZJ2e5G5VmoZxF0nNa2jexr+VDR5gq9ZV8GbCGaSmKkS1bs5fAiIx/NARs4XvSIE3prHf3/w6SLFeW9Q=="
      },
      "Microsoft.Extensions.FileProviders.Abstractions": {
        "type": "Transitive",
        "resolved": "3.1.18",
        "contentHash": "H0Y/gICYhYqaHRmBhSGr3JF1KR7YMXLuhR0c1vqo/eM7lOrDofwDy/pjnhBIc2B2UFn0Z/xVKlxSJaltw3tUMw==",
        "dependencies": {
          "Microsoft.Extensions.Primitives": "3.1.18"
        }
      },
      "Microsoft.Extensions.Hosting.Abstractions": {
        "type": "Transitive",
        "resolved": "3.1.18",
        "contentHash": "9vzzrt/dIYipg6eB+ivQeYy3pRmtx8EheVF02dohP904oxMGRkcDsuetaoYXsidVgler56VMv45WZWZavF41nw==",
        "dependencies": {
          "Microsoft.Extensions.Configuration.Abstractions": "3.1.18",
          "Microsoft.Extensions.DependencyInjection.Abstractions": "3.1.18",
          "Microsoft.Extensions.FileProviders.Abstractions": "3.1.18",
          "Microsoft.Extensions.Logging.Abstractions": "3.1.18"
        }
      },
      "Microsoft.Extensions.Http": {
        "type": "Transitive",
        "resolved": "3.0.3",
        "contentHash": "dcyB8szIcSynjVZRuFgqkZpPgTc5zeRSj1HMXSmNqWbHYKiPYJl8ZQgBHz6wmZNSUUNGpCs5uxUg8DZHHDC1Ew==",
        "dependencies": {
          "Microsoft.Extensions.DependencyInjection.Abstractions": "3.0.3",
          "Microsoft.Extensions.Logging": "3.0.3",
          "Microsoft.Extensions.Options": "3.0.3"
        }
      },
      "Microsoft.Extensions.Logging": {
        "type": "Transitive",
        "resolved": "3.0.3",
        "contentHash": "uAZppu6kWIgS+VtVjqmhh+k3bMztwWQR5HYxI++Cn5Kz5m099g0KJ+krUrckaZP9NqIplQu63tPR5YpNWnjLuw==",
        "dependencies": {
          "Microsoft.Extensions.Configuration.Binder": "3.0.3",
          "Microsoft.Extensions.DependencyInjection": "3.0.3",
          "Microsoft.Extensions.Logging.Abstractions": "3.0.3",
          "Microsoft.Extensions.Options": "3.0.3"
        }
      },
      "Microsoft.Extensions.Logging.Configuration": {
        "type": "Transitive",
        "resolved": "2.1.0",
        "contentHash": "nMAcTACzW37zc3f7n5fIYsRDXtjjQA2U/kiE4xmuSLn7coCIeDfFTpUhJ+wG/3vwb5f1lFWNpyXGyQdlUCIXUw==",
        "dependencies": {
          "Microsoft.Extensions.Logging": "2.1.0",
          "Microsoft.Extensions.Options.ConfigurationExtensions": "2.1.0"
        }
      },
      "Microsoft.Extensions.Options": {
        "type": "Transitive",
        "resolved": "6.0.0",
        "contentHash": "dzXN0+V1AyjOe2xcJ86Qbo233KHuLEY0njf/P2Kw8SfJU+d45HNS2ctJdnEnrWbM9Ye2eFgaC5Mj9otRMU6IsQ==",
        "dependencies": {
          "Microsoft.Extensions.DependencyInjection.Abstractions": "6.0.0",
          "Microsoft.Extensions.Primitives": "6.0.0"
        }
      },
      "Microsoft.Extensions.Options.ConfigurationExtensions": {
        "type": "Transitive",
        "resolved": "2.1.0",
        "contentHash": "w/MP147fSqlIcCymaNpLbjdJsFVkSJM9Sz+jbWMr1gKMDVxoOS8AuFjJkVyKU/eydYxHIR/K1Hn3wisJBW5gSg==",
        "dependencies": {
          "Microsoft.Extensions.Configuration.Abstractions": "2.1.0",
          "Microsoft.Extensions.Configuration.Binder": "2.1.0",
          "Microsoft.Extensions.DependencyInjection.Abstractions": "2.1.0",
          "Microsoft.Extensions.Options": "2.1.0"
        }
      },
      "Microsoft.Extensions.Primitives": {
        "type": "Transitive",
        "resolved": "6.0.0",
        "contentHash": "9+PnzmQFfEFNR9J2aDTfJGGupShHjOuGw4VUv+JB044biSHrnmCIMD+mJHmb2H7YryrfBEXDurxQ47gJZdCKNQ==",
        "dependencies": {
          "System.Runtime.CompilerServices.Unsafe": "6.0.0"
        }
      },
      "NewId": {
        "type": "Transitive",
        "resolved": "3.0.3",
        "contentHash": "72cBqYQ+pZpsfuTerhi5Q/ZkfK81s/Dkz2u0WNytirWVLktUm6sy4mRNepM+DL1AB0V61QlYesZHDf0wlmMU5A=="
      },
      "Newtonsoft.Json": {
        "type": "Transitive",
        "resolved": "12.0.1",
        "contentHash": "pBR3wCgYWZGiaZDYP+HHYnalVnPJlpP1q55qvVb+adrDHmFMDc1NAKio61xTwftK3Pw5h7TZJPJEEVMd6ty8rg=="
      },
      "Newtonsoft.Json.Bson": {
        "type": "Transitive",
        "resolved": "1.0.2",
        "contentHash": "QYFyxhaABwmq3p/21VrZNYvCg3DaEoN/wUuw5nmfAf0X3HLjgupwhkEWdgfb9nvGAUIv3osmZoD3kKl4jxEmYQ==",
        "dependencies": {
          "Newtonsoft.Json": "12.0.1"
        }
      },
      "OpenTelemetry.Api": {
        "type": "Transitive",
        "resolved": "1.2.0-rc3",
        "contentHash": "peGlh9QmS3tBUpLBnasChinPZa7Og7k7iCNlJcRzjTH8dT7GycoTmw9aqMiFtt8b9eSP3CGy5R64/LWroC1yMw==",
        "dependencies": {
          "System.Diagnostics.DiagnosticSource": "6.0.0",
          "System.Reflection.Emit.Lightweight": "4.7.0"
        }
      },
      "RabbitMQ.Client": {
        "type": "Transitive",
        "resolved": "6.2.2",
        "contentHash": "+tJSgE+rQXgLvOxWvOxdZ0+No1EMa86+puZuNlCb4cNryHw2PY2Xiw/y2dz/WWdeJQp74Y2UnNXPkuLiYpvn+A==",
        "dependencies": {
          "System.Memory": "4.5.4",
          "System.Threading.Channels": "4.7.1"
        }
      },
      "System.Collections.Immutable": {
        "type": "Transitive",
        "resolved": "1.4.0",
        "contentHash": "71hw5RUJRu5+q/geUY69gpXD8Upd12cH+F3MwpXV2zle7Bqqkrmc1JblOTuvUcgmdnUtQvBlV5e1d6RH+H2lvA=="
      },
      "System.Diagnostics.DiagnosticSource": {
        "type": "Transitive",
        "resolved": "6.0.0",
        "contentHash": "frQDfv0rl209cKm1lnwTgFPzNigy2EKk1BS3uAvHvlBVKe5cymGyHO+Sj+NLv5VF/AhHsqPIUUwya5oV4CHMUw==",
        "dependencies": {
          "System.Runtime.CompilerServices.Unsafe": "6.0.0"
        }
      },
      "System.Memory": {
        "type": "Transitive",
        "resolved": "4.5.4",
        "contentHash": "1MbJTHS1lZ4bS4FmsJjnuGJOu88ZzTT2rLvrhW7Ygic+pC0NWA+3hgAen0HRdsocuQXCkUTdFn9yHJJhsijDXw=="
      },
      "System.Reflection.Emit": {
        "type": "Transitive",
        "resolved": "4.7.0",
        "contentHash": "VR4kk8XLKebQ4MZuKuIni/7oh+QGFmZW3qORd1GvBq/8026OpW501SzT/oypwiQl4TvT8ErnReh/NzY9u+C6wQ=="
      },
      "System.Reflection.Emit.Lightweight": {
        "type": "Transitive",
        "resolved": "4.7.0",
        "contentHash": "a4OLB4IITxAXJeV74MDx49Oq2+PsF6Sml54XAFv+2RyWwtDBcabzoxiiJRhdhx+gaohLh4hEGCLQyBozXoQPqA=="
      },
      "System.Runtime.CompilerServices.Unsafe": {
        "type": "Transitive",
        "resolved": "6.0.0",
        "contentHash": "/iUeP3tq1S0XdNNoMz5C9twLSrM/TH+qElHkXWaPvuNOt+99G75NrV0OS2EqHx5wMN7popYjpc8oTjC1y16DLg=="
      },
      "System.Text.Json": {
        "type": "Transitive",
        "resolved": "5.0.2",
        "contentHash": "I47dVIGiV6SfAyppphxqupertT/5oZkYLDCX6vC3HpOI4ZLjyoKAreUoem2ie6G0RbRuFrlqz/PcTQjfb2DOfQ=="
      },
      "System.Threading.Channels": {
        "type": "Transitive",
        "resolved": "4.7.1",
        "contentHash": "6akRtHK/wab3246t4p5v3HQrtQk8LboOt5T4dtpNgsp3zvDeM4/Gx8V12t0h+c/W9/enUrilk8n6EQqdQorZAA=="
      },
      "System.ValueTuple": {
        "type": "Transitive",
        "resolved": "4.5.0",
        "contentHash": "okurQJO6NRE/apDIP23ajJ0hpiNmJ+f0BwOlB/cSqTLQlw5upkf+5+96+iG2Jw40G1fCVCyPz/FhIABUjMR+RQ=="
      },
      "eventbusmessages": {
        "type": "Project"
      },
      "orders.domain": {
        "type": "Project"
      }
    }
  }
}